
Microsoft Visual Studio Solution File, Format Version 12.00
# Visual Studio Version 17
VisualStudioVersion = 17.8.34322.80
MinimumVisualStudioVersion = 10.0.40219.1
Project("{9A19103F-16F7-4668-BE54-9A1E7A4F7556}") = "BaltaDesafioBlazor", "BaltaDesafioBlazor.csproj", "{F87E15A5-B1F9-4276-AB5A-509962BEC61B}"
EndProject
Project("{2150E333-8FDC-42A3-9474-1A3956D46DE8}") = "src", "src", "{99DB57AC-BBDE-4A8E-A2F7-6CF394B93E40}"
EndProject
Project("{FAE04EC0-301F-11D3-BF4B-00C04F79EFBC}") = "BaltaDesafioBlazor.Domain", "..\BaltaDesafioBlazor.Domain\BaltaDesafioBlazor.Domain.csproj", "{14CEA34E-7F35-4BB1-8C33-A3AE8B651D50}"
EndProject
Project("{FAE04EC0-301F-11D3-BF4B-00C04F79EFBC}") = "BaltaDesafioBlazor.Infra", "..\BaltaDesafioBlazor.Infra\BaltaDesafioBlazor.Infra.csproj", "{B11D79F8-BD68-4C8B-B473-A3BC73BFB5EF}"
EndProject
Project("{FAE04EC0-301F-11D3-BF4B-00C04F79EFBC}") = "BaltaDesafioBlazor.Shared", "..\BaltaDesafioBlazor.Shared\BaltaDesafioBlazor.Shared.csproj", "{0A9912A0-C556-4A76-A5AF-DE1352F0A320}"
EndProject
Global
	GlobalSection(SolutionConfigurationPlatforms) = preSolution
		Debug|Any CPU = Debug|Any CPU
		Release|Any CPU = Release|Any CPU
	EndGlobalSection
	GlobalSection(ProjectConfigurationPlatforms) = postSolution
		{F87E15A5-B1F9-4276-AB5A-509962BEC61B}.Debug|Any CPU.ActiveCfg = Debug|Any CPU
		{F87E15A5-B1F9-4276-AB5A-509962BEC61B}.Debug|Any CPU.Build.0 = Debug|Any CPU
		{F87E15A5-B1F9-4276-AB5A-509962BEC61B}.Release|Any CPU.ActiveCfg = Release|Any CPU
		{F87E15A5-B1F9-4276-AB5A-509962BEC61B}.Release|Any CPU.Build.0 = Release|Any CPU
		{14CEA34E-7F35-4BB1-8C33-A3AE8B651D50}.Debug|Any CPU.ActiveCfg = Debug|Any CPU
		{14CEA34E-7F35-4BB1-8C33-A3AE8B651D50}.Debug|Any CPU.Build.0 = Debug|Any CPU
		{14CEA34E-7F35-4BB1-8C33-A3AE8B651D50}.Release|Any CPU.ActiveCfg = Release|Any CPU
		{14CEA34E-7F35-4BB1-8C33-A3AE8B651D50}.Release|Any CPU.Build.0 = Release|Any CPU
		{B11D79F8-BD68-4C8B-B473-A3BC73BFB5EF}.Debug|Any CPU.ActiveCfg = Debug|Any CPU
		{B11D79F8-BD68-4C8B-B473-A3BC73BFB5EF}.Debug|Any CPU.Build.0 = Debug|Any CPU
		{B11D79F8-BD68-4C8B-B473-A3BC73BFB5EF}.Release|Any CPU.ActiveCfg = Release|Any CPU
		{B11D79F8-BD68-4C8B-B473-A3BC73BFB5EF}.Release|Any CPU.Build.0 = Release|Any CPU
		{0A9912A0-C556-4A76-A5AF-DE1352F0A320}.Debug|Any CPU.ActiveCfg = Debug|Any CPU
		{0A9912A0-C556-4A76-A5AF-DE1352F0A320}.Debug|Any CPU.Build.0 = Debug|Any CPU
		{0A9912A0-C556-4A76-A5AF-DE1352F0A320}.Release|Any CPU.ActiveCfg = Release|Any CPU
		{0A9912A0-C556-4A76-A5AF-DE1352F0A320}.Release|Any CPU.Build.0 = Release|Any CPU
	EndGlobalSection
	GlobalSection(SolutionProperties) = preSolution
		HideSolutionNode = FALSE
	EndGlobalSection
	GlobalSection(NestedProjects) = preSolution
		{14CEA34E-7F35-4BB1-8C33-A3AE8B651D50} = {99DB57AC-BBDE-4A8E-A2F7-6CF394B93E40}
		{B11D79F8-BD68-4C8B-B473-A3BC73BFB5EF} = {99DB57AC-BBDE-4A8E-A2F7-6CF394B93E40}
		{0A9912A0-C556-4A76-A5AF-DE1352F0A320} = {99DB57AC-BBDE-4A8E-A2F7-6CF394B93E40}
	EndGlobalSection
	GlobalSection(ExtensibilityGlobals) = postSolution
		SolutionGuid = {9E2D7C26-4AB1-4BD4-95A3-48A9AF6ACC82}
	EndGlobalSection
EndGlobal
